
Microsoft Visual Studio Solution File, Format Version 12.00
# Visual Studio 15
VisualStudioVersion = 15.0.26124.0
MinimumVisualStudioVersion = 15.0.26124.0
Project("{2150E333-8FDC-42A3-9474-1A3956D46DE8}") = "src", "src", "{7BC99FBE-607B-44A0-AFD6-66FF086C25D9}"
EndProject
Project("{9A19103F-16F7-4668-BE54-9A1E7A4F7556}") = "Microsoft.Atlas.CommandLine", "src\Microsoft.Atlas.CommandLine\Microsoft.Atlas.CommandLine.csproj", "{8EEFEB3B-F63E-4ECA-843B-3B44E03FA3E3}"
EndProject
Project("{2150E333-8FDC-42A3-9474-1A3956D46DE8}") = "tests", "tests", "{80F85283-DBED-4342-A951-351E4DA82570}"
EndProject
Project("{9A19103F-16F7-4668-BE54-9A1E7A4F7556}") = "Microsoft.Atlas.CommandLine.Tests", "test\Microsoft.Atlas.CommandLine.Tests\Microsoft.Atlas.CommandLine.Tests.csproj", "{C07AB831-576A-4EFC-BF29-0AE2F5B57662}"
EndProject
Project("{2150E333-8FDC-42A3-9474-1A3956D46DE8}") = ".build", ".build", "{D9023F2F-C45D-4414-8336-A2D2506A7678}"
	ProjectSection(SolutionItems) = preProject
		.editorconfig = .editorconfig
		build\analyzers.ruleset = build\analyzers.ruleset
		build-ci.yaml = build-ci.yaml
		Directory.Build.props = Directory.Build.props
		Directory.Build.targets = Directory.Build.targets
		LICENSE.txt = LICENSE.txt
		README.md = README.md
		build\stylecop.json = build\stylecop.json
	EndProjectSection
EndProject
Global
	GlobalSection(SolutionConfigurationPlatforms) = preSolution
		Debug|Any CPU = Debug|Any CPU
		Debug|x64 = Debug|x64
		Debug|x86 = Debug|x86
		Release|Any CPU = Release|Any CPU
		Release|x64 = Release|x64
		Release|x86 = Release|x86
	EndGlobalSection
	GlobalSection(ProjectConfigurationPlatforms) = postSolution
		{8EEFEB3B-F63E-4ECA-843B-3B44E03FA3E3}.Debug|Any CPU.ActiveCfg = Debug|Any CPU
		{8EEFEB3B-F63E-4ECA-843B-3B44E03FA3E3}.Debug|Any CPU.Build.0 = Debug|Any CPU
		{8EEFEB3B-F63E-4ECA-843B-3B44E03FA3E3}.Debug|x64.ActiveCfg = Debug|Any CPU
		{8EEFEB3B-F63E-4ECA-843B-3B44E03FA3E3}.Debug|x64.Build.0 = Debug|Any CPU
		{8EEFEB3B-F63E-4ECA-843B-3B44E03FA3E3}.Debug|x86.ActiveCfg = Debug|Any CPU
		{8EEFEB3B-F63E-4ECA-843B-3B44E03FA3E3}.Debug|x86.Build.0 = Debug|Any CPU
		{8EEFEB3B-F63E-4ECA-843B-3B44E03FA3E3}.Release|Any CPU.ActiveCfg = Release|Any CPU
		{8EEFEB3B-F63E-4ECA-843B-3B44E03FA3E3}.Release|Any CPU.Build.0 = Release|Any CPU
		{8EEFEB3B-F63E-4ECA-843B-3B44E03FA3E3}.Release|x64.ActiveCfg = Release|Any CPU
		{8EEFEB3B-F63E-4ECA-843B-3B44E03FA3E3}.Release|x64.Build.0 = Release|Any CPU
		{8EEFEB3B-F63E-4ECA-843B-3B44E03FA3E3}.Release|x86.ActiveCfg = Release|Any CPU
		{8EEFEB3B-F63E-4ECA-843B-3B44E03FA3E3}.Release|x86.Build.0 = Release|Any CPU
		{C07AB831-576A-4EFC-BF29-0AE2F5B57662}.Debug|Any CPU.ActiveCfg = Debug|Any CPU
		{C07AB831-576A-4EFC-BF29-0AE2F5B57662}.Debug|Any CPU.Build.0 = Debug|Any CPU
		{C07AB831-576A-4EFC-BF29-0AE2F5B57662}.Debug|x64.ActiveCfg = Debug|Any CPU
		{C07AB831-576A-4EFC-BF29-0AE2F5B57662}.Debug|x64.Build.0 = Debug|Any CPU
		{C07AB831-576A-4EFC-BF29-0AE2F5B57662}.Debug|x86.ActiveCfg = Debug|Any CPU
		{C07AB831-576A-4EFC-BF29-0AE2F5B57662}.Debug|x86.Build.0 = Debug|Any CPU
		{C07AB831-576A-4EFC-BF29-0AE2F5B57662}.Release|Any CPU.ActiveCfg = Release|Any CPU
		{C07AB831-576A-4EFC-BF29-0AE2F5B57662}.Release|Any CPU.Build.0 = Release|Any CPU
		{C07AB831-576A-4EFC-BF29-0AE2F5B57662}.Release|x64.ActiveCfg = Release|Any CPU
		{C07AB831-576A-4EFC-BF29-0AE2F5B57662}.Release|x64.Build.0 = Release|Any CPU
		{C07AB831-576A-4EFC-BF29-0AE2F5B57662}.Release|x86.ActiveCfg = Release|Any CPU
		{C07AB831-576A-4EFC-BF29-0AE2F5B57662}.Release|x86.Build.0 = Release|Any CPU
	EndGlobalSection
	GlobalSection(SolutionProperties) = preSolution
		HideSolutionNode = FALSE
	EndGlobalSection
	GlobalSection(NestedProjects) = preSolution
		{8EEFEB3B-F63E-4ECA-843B-3B44E03FA3E3} = {7BC99FBE-607B-44A0-AFD6-66FF086C25D9}
		{C07AB831-576A-4EFC-BF29-0AE2F5B57662} = {80F85283-DBED-4342-A951-351E4DA82570}
	EndGlobalSection
	GlobalSection(ExtensibilityGlobals) = postSolution
		SolutionGuid = {3745233A-E2F4-4C03-8B9E-79E6B90CEA12}
	EndGlobalSection
EndGlobal
